
Microsoft Visual Studio Solution File, Format Version 12.00
# Visual Studio Version 17
VisualStudioVersion = 17.12.35707.178 d17.12
MinimumVisualStudioVersion = 10.0.40219.1
Project("{FAE04EC0-301F-11D3-BF4B-00C04F79EFBC}") = "InventoryApp", "InventoryApp\InventoryApp.csproj", "{C1EC54CA-1545-4F7E-9BD8-3C1B5041AD46}"
EndProject
Project("{FAE04EC0-301F-11D3-BF4B-00C04F79EFBC}") = "InventoryLibrary", "InventoryLibrary\InventoryLibrary.csproj", "{B33E5CB7-DF95-488B-A4A1-A633483B51C8}"
EndProject
Global
	GlobalSection(SolutionConfigurationPlatforms) = preSolution
		Debug|Any CPU = Debug|Any CPU
		Release|Any CPU = Release|Any CPU
	EndGlobalSection
	GlobalSection(ProjectConfigurationPlatforms) = postSolution
		{C1EC54CA-1545-4F7E-9BD8-3C1B5041AD46}.Debug|Any CPU.ActiveCfg = Debug|Any CPU
		{C1EC54CA-1545-4F7E-9BD8-3C1B5041AD46}.Debug|Any CPU.Build.0 = Debug|Any CPU
		{C1EC54CA-1545-4F7E-9BD8-3C1B5041AD46}.Release|Any CPU.ActiveCfg = Release|Any CPU
		{C1EC54CA-1545-4F7E-9BD8-3C1B5041AD46}.Release|Any CPU.Build.0 = Release|Any CPU
		{B33E5CB7-DF95-488B-A4A1-A633483B51C8}.Debug|Any CPU.ActiveCfg = Debug|Any CPU
		{B33E5CB7-DF95-488B-A4A1-A633483B51C8}.Debug|Any CPU.Build.0 = Debug|Any CPU
		{B33E5CB7-DF95-488B-A4A1-A633483B51C8}.Release|Any CPU.ActiveCfg = Release|Any CPU
		{B33E5CB7-DF95-488B-A4A1-A633483B51C8}.Release|Any CPU.Build.0 = Release|Any CPU
	EndGlobalSection
	GlobalSection(SolutionProperties) = preSolution
		HideSolutionNode = FALSE
	EndGlobalSection
EndGlobal
